
Microsoft Visual Studio Solution File, Format Version 12.00
# Visual Studio Version 17
VisualStudioVersion = 17.13.35825.156 d17.13
MinimumVisualStudioVersion = 10.0.40219.1
Project("{FAE04EC0-301F-11D3-BF4B-00C04F79EFBC}") = "IntroToGitHubFrontEnd", "IntroToGitHubFrontEnd\IntroToGitHubFrontEnd.csproj", "{739BCAEC-C9DA-4555-9F55-0CE6DEC9DAF9}"
EndProject
Global
	GlobalSection(SolutionConfigurationPlatforms) = preSolution
		Debug|Any CPU = Debug|Any CPU
		Release|Any CPU = Release|Any CPU
	EndGlobalSection
	GlobalSection(ProjectConfigurationPlatforms) = postSolution
		{739BCAEC-C9DA-4555-9F55-0CE6DEC9DAF9}.Debug|Any CPU.ActiveCfg = Debug|Any CPU
		{739BCAEC-C9DA-4555-9F55-0CE6DEC9DAF9}.Debug|Any CPU.Build.0 = Debug|Any CPU
		{739BCAEC-C9DA-4555-9F55-0CE6DEC9DAF9}.Release|Any CPU.ActiveCfg = Release|Any CPU
		{739BCAEC-C9DA-4555-9F55-0CE6DEC9DAF9}.Release|Any CPU.Build.0 = Release|Any CPU
	EndGlobalSection
	GlobalSection(SolutionProperties) = preSolution
		HideSolutionNode = FALSE
	EndGlobalSection
	GlobalSection(ExtensibilityGlobals) = postSolution
		SolutionGuid = {FA529E29-1649-4F45-84A5-636C0B735125}
	EndGlobalSection
EndGlobal
